# This file was autogenerated by Stack.
# You should not edit this file by hand.
# For more information, please see the documentation at:
#   https://docs.haskellstack.org/en/stable/topics/lock_files

packages:
- completed:
    hackage: digest-0.0.2.1@sha256:938215f33ed3546dc2f059f3707f7370e9e9e1c0285cac16379ebfa45e9054c0,3623
    pantry-tree:
      sha256: 3246db635be9d76d3df53ec3485d27ed1fac0bf7e2ea7d612fe299cd04164942
      size: 1807
  original:
    hackage: digest-0.0.2.1
snapshots:
- completed:
    sha256: a684cdbdf9304b325a503e0fe1d9648e9c18155ce4c7cfebbe8a7f93674e6295
    size: 649106
    url: https://raw.githubusercontent.com/commercialhaskell/stackage-snapshots/master/lts/20/5.yaml
  original: lts-20.5
